{
	"name": "maas-react-components-example",
	"version": "0.0.0",
	"lockfileVersion": 1,
	"requires": true,
	"dependencies": {
		"@babel/helper-plugin-utils": {
			"version": "7.14.5",
			"resolved": "https://registry.npmjs.org/@babel/helper-plugin-utils/-/helper-plugin-utils-7.14.5.tgz",
			"integrity": "sha512-/37qQCE3K0vvZKwoK4XU/irIJQdIfCJuhU5eKnNxpFDsOkgFaUAwbv+RYw6eYgsC0E4hS7r5KqGULUogqui0fQ==",
			"dev": true
		},
		"@babel/plugin-syntax-object-rest-spread": {
			"version": "7.8.3",
			"resolved": "https://registry.npmjs.org/@babel/plugin-syntax-object-rest-spread/-/plugin-syntax-object-rest-spread-7.8.3.tgz",
			"integrity": "sha512-XoqMijGZb9y3y2XskN+P1wUGiVwWZ5JmoDRwx5+3GmEplNyVM2s2Dg8ILFQm8rWM48orGy5YpI5Bl8U1y7ydlA==",
			"dev": true,
			"requires": {
				"@babel/helper-plugin-utils": "^7.8.0"
			}
		},
		"@testing-library/jest-dom": {
			"version": "file:../node_modules/@testing-library/jest-dom",
			"integrity": "sha512-j31Bn0rQo12fhCWOUWy9fl7wtqkp7In/YP2p5ZFyRuiiB9Qs3g+hS4gAmDWONbAHcRmVooNJ5eOHQDCOmUFXHg=="
		},
		"@testing-library/react": {
			"version": "file:../node_modules/@testing-library/react",
			"integrity": "sha512-di1b+D0p+rfeboHO5W7gTVeZDIK5+maEgstrZbWZSSvxDyfDRkkyBE1AJR5Psd6doNldluXlCWqXriUfqu/9Qg=="
		},
		"@testing-library/user-event": {
			"version": "file:../node_modules/@testing-library/user-event",
			"integrity": "sha512-oZ0Ib5I4Z2pUEcoo95cT1cr6slco9WY7yiPpG+RGNkj8YcYgJnM7pXmYmorNOReh8MIGcKSqXyeGjxnr8YiZbA=="
		},
		"@types/jest": {
			"version": "file:../node_modules/@types/jest",
			"integrity": "sha512-JXc1nK/tXHiDhV55dvfzqtmP4S3sy3T3ouV2tkViZgxY/zeUkcpQcQPGRlgF4KmWzWW5oiWYSZwtCB+2RsE4Fw=="
		},
		"@types/node": {
			"version": "file:../node_modules/@types/node",
			"integrity": "sha512-niAuZrwrjKck4+XhoCw6AAVQBENHftpXw9F4ryk66fTgYaKQ53R4FI7c9vUGGw5vQis1HKBHDR1gcYI/Bq1xvw=="
		},
		"@types/react": {
			"version": "file:../node_modules/@types/react",
			"integrity": "sha512-nrfi7I13cAmrd0wje8czYpf5SFbryczCtPzFc6ijqvdjKcyA3tCvGxwchOUlxb2ucBPuJ9Y3oUqKrRqZvrz0lw=="
		},
		"@types/react-dom": {
			"version": "file:../node_modules/@types/react-dom",
			"integrity": "sha512-wIvGxLfgpVDSAMH5utdL9Ngm5Owu0VsGmldro3ORLXV8CShrL8awVj06NuEXFQ5xyaYfdca7Sgbk/50Ri1GdPg=="
		},
		"maas-react-components": {
			"version": "file:..",
			"dependencies": {
				"@testing-library/jest-dom": {
					"version": "4.2.4",
					"resolved": "https://registry.npmjs.org/@testing-library/jest-dom/-/jest-dom-4.2.4.tgz",
					"integrity": "sha512-j31Bn0rQo12fhCWOUWy9fl7wtqkp7In/YP2p5ZFyRuiiB9Qs3g+hS4gAmDWONbAHcRmVooNJ5eOHQDCOmUFXHg==",
					"requires": {
						"chalk": "^2.4.1"
					}
				},
				"@testing-library/react": {
					"version": "9.5.0",
					"resolved": "https://registry.npmjs.org/@testing-library/react/-/react-9.5.0.tgz",
					"integrity": "sha512-di1b+D0p+rfeboHO5W7gTVeZDIK5+maEgstrZbWZSSvxDyfDRkkyBE1AJR5Psd6doNldluXlCWqXriUfqu/9Qg=="
				},
				"@testing-library/user-event": {
					"version": "7.2.1",
					"resolved": "https://registry.npmjs.org/@testing-library/user-event/-/user-event-7.2.1.tgz",
					"integrity": "sha512-oZ0Ib5I4Z2pUEcoo95cT1cr6slco9WY7yiPpG+RGNkj8YcYgJnM7pXmYmorNOReh8MIGcKSqXyeGjxnr8YiZbA=="
				},
				"@types/jest": {
					"version": "25.2.3",
					"resolved": "https://registry.npmjs.org/@types/jest/-/jest-25.2.3.tgz",
					"integrity": "sha512-JXc1nK/tXHiDhV55dvfzqtmP4S3sy3T3ouV2tkViZgxY/zeUkcpQcQPGRlgF4KmWzWW5oiWYSZwtCB+2RsE4Fw=="
				},
				"@types/node": {
					"version": "12.20.19",
					"resolved": "https://registry.npmjs.org/@types/node/-/node-12.20.19.tgz",
					"integrity": "sha512-niAuZrwrjKck4+XhoCw6AAVQBENHftpXw9F4ryk66fTgYaKQ53R4FI7c9vUGGw5vQis1HKBHDR1gcYI/Bq1xvw=="
				},
				"@types/react": {
					"version": "17.0.17",
					"resolved": "https://registry.npmjs.org/@types/react/-/react-17.0.17.tgz",
					"integrity": "sha512-nrfi7I13cAmrd0wje8czYpf5SFbryczCtPzFc6ijqvdjKcyA3tCvGxwchOUlxb2ucBPuJ9Y3oUqKrRqZvrz0lw=="
				},
				"@types/react-dom": {
					"version": "17.0.9",
					"resolved": "https://registry.npmjs.org/@types/react-dom/-/react-dom-17.0.9.tgz",
					"integrity": "sha512-wIvGxLfgpVDSAMH5utdL9Ngm5Owu0VsGmldro3ORLXV8CShrL8awVj06NuEXFQ5xyaYfdca7Sgbk/50Ri1GdPg==",
					"requires": {
						"@types/react": "*"
					}
				},
				"react": {
					"version": "17.0.2",
					"resolved": "https://registry.npmjs.org/react/-/react-17.0.2.tgz",
					"integrity": "sha512-gnhPt75i/dq/z3/6q/0asP78D0u592D5L1pd7M8P+dck6Fu/jJeL6iVVK23fptSUZj8Vjf++7wXA8UNclGQcbA=="
				},
				"react-dom": {
					"version": "17.0.2",
					"resolved": "https://registry.npmjs.org/react-dom/-/react-dom-17.0.2.tgz",
					"integrity": "sha512-s4h96KtLDUQlsENhMn1ar8t2bEa+q/YAtj8pPPdIjPDGBDIVNsrD9aXNWqspUe6AzKCIG0C1HZZLqLV7qpOBGA=="
				},
				"react-scripts": {
					"version": "4.0.3",
					"resolved": "https://registry.npmjs.org/react-scripts/-/react-scripts-4.0.3.tgz",
					"integrity": "sha512-S5eO4vjUzUisvkIPB7jVsKtuH2HhWcASREYWHAQ1FP5HyCv3xgn+wpILAEWkmy+A+tTNbSZClhxjT3qz6g4L1A=="
				}
			}
		},
		"react": {
			"version": "file:../node_modules/react",
			"integrity": "sha512-gnhPt75i/dq/z3/6q/0asP78D0u592D5L1pd7M8P+dck6Fu/jJeL6iVVK23fptSUZj8Vjf++7wXA8UNclGQcbA=="
		},
		"react-dom": {
			"version": "file:../node_modules/react-dom",
			"integrity": "sha512-s4h96KtLDUQlsENhMn1ar8t2bEa+q/YAtj8pPPdIjPDGBDIVNsrD9aXNWqspUe6AzKCIG0C1HZZLqLV7qpOBGA=="
		},
		"react-scripts": {
			"version": "file:../node_modules/react-scripts",
			"integrity": "sha512-S5eO4vjUzUisvkIPB7jVsKtuH2HhWcASREYWHAQ1FP5HyCv3xgn+wpILAEWkmy+A+tTNbSZClhxjT3qz6g4L1A=="
		},
		"typescript": {
			"version": "4.3.5",
			"resolved": "https://registry.npmjs.org/typescript/-/typescript-4.3.5.tgz",
			"integrity": "sha512-DqQgihaQ9cUrskJo9kIyW/+g0Vxsk8cDtZ52a3NGh0YNTfpUSArXSohyUGnvbPazEPLu398C0UxmKSOrPumUzA=="
		}
	}
}
